// !$*UTF8*$!
{
	archiveVersion = 1;
	classes = {
	};
	objectVersion = 46;
	objects = {

/* Begin PBXBuildFile section */
		438B20181BD2E69100D3B192 /* AppDelegate.swift in Sources */ = {isa = PBXBuildFile; fileRef = 438B20171BD2E69100D3B192 /* AppDelegate.swift */; };
		438B201A1BD2E69100D3B192 /* ViewController.swift in Sources */ = {isa = PBXBuildFile; fileRef = 438B20191BD2E69100D3B192 /* ViewController.swift */; };
		438B201D1BD2E69100D3B192 /* Main.storyboard in Resources */ = {isa = PBXBuildFile; fileRef = 438B201B1BD2E69100D3B192 /* Main.storyboard */; };
		438B201F1BD2E69100D3B192 /* Assets.xcassets in Resources */ = {isa = PBXBuildFile; fileRef = 438B201E1BD2E69100D3B192 /* Assets.xcassets */; };
		438B20221BD2E69100D3B192 /* LaunchScreen.storyboard in Resources */ = {isa = PBXBuildFile; fileRef = 438B20201BD2E69100D3B192 /* LaunchScreen.storyboard */; };
/* End PBXBuildFile section */

/* Begin PBXFileReference section */
		438B20141BD2E69000D3B192 /* FriendBookPlus.app */ = {isa = PBXFileReference; explicitFileType = wrapper.application; includeInIndex = 0; path = FriendBookPlus.app; sourceTree = BUILT_PRODUCTS_DIR; };
		438B20171BD2E69100D3B192 /* AppDelegate.swift */ = {isa = PBXFileReference; lastKnownFileType = sourcecode.swift; path = AppDelegate.swift; sourceTree = "<group>"; };
		438B20191BD2E69100D3B192 /* ViewController.swift */ = {isa = PBXFileReference; lastKnownFileType = sourcecode.swift; path = ViewController.swift; sourceTree = "<group>"; };
		438B201C1BD2E69100D3B192 /* Base */ = {isa = PBXFileReference; lastKnownFileType = file.storyboard; name = Base; path = Base.lproj/Main.storyboard; sourceTree = "<group>"; };
		438B201E1BD2E69100D3B192 /* Assets.xcassets */ = {isa = PBXFileReference; lastKnownFileType = folder.assetcatalog; path = Assets.xcassets; sourceTree = "<group>"; };
		438B20211BD2E69100D3B192 /* Base */ = {isa = PBXFileReference; lastKnownFileType = file.storyboard; name = Base; path = Base.lproj/LaunchScreen.storyboard; sourceTree = "<group>"; };
		438B20231BD2E69100D3B192 /* Info.plist */ = {isa = PBXFileReference; lastKnownFileType = text.plist.xml; path = Info.plist; sourceTree = "<group>"; };
/* End PBXFileReference section */

/* Begin PBXFrameworksBuildPhase section */
		438B20111BD2E69000D3B192 /* Frameworks */ = {
			isa = PBXFrameworksBuildPhase;
			buildActionMask = 2147483647;
			files = (
			);
			runOnlyForDeploymentPostprocessing = 0;
		};
/* End PBXFrameworksBuildPhase section */

/* Begin PBXGroup section */
		438B200B1BD2E69000D3B192 = {
			isa = PBXGroup;
			children = (
				438B20161BD2E69100D3B192 /* FriendBookPlus */,
				438B20151BD2E69000D3B192 /* Products */,
			);
			sourceTree = "<group>";
		};
		438B20151BD2E69000D3B192 /* Products */ = {
			isa = PBXGroup;
			children = (
				438B20141BD2E69000D3B192 /* FriendBookPlus.app */,
			);
			name = Products;
			sourceTree = "<group>";
		};
		438B20161BD2E69100D3B192 /* FriendBookPlus */ = {
			isa = PBXGroup;
			children = (
				438B20171BD2E69100D3B192 /* AppDelegate.swift */,
				438B20191BD2E69100D3B192 /* ViewController.swift */,
				438B201B1BD2E69100D3B192 /* Main.storyboard */,
				438B201E1BD2E69100D3B192 /* Assets.xcassets */,
				438B20201BD2E69100D3B192 /* LaunchScreen.storyboard */,
				438B20231BD2E69100D3B192 /* Info.plist */,
			);
			path = FriendBookPlus;
			sourceTree = "<group>";
		};
/* End PBXGroup section */

/* Begin PBXNativeTarget section */
		438B20131BD2E69000D3B192 /* FriendBookPlus */ = {
			isa = PBXNativeTarget;
			buildConfigurationList = 438B20261BD2E69100D3B192 /* Build configuration list for PBXNativeTarget "FriendBookPlus" */;
			buildPhases = (
				438B20101BD2E69000D3B192 /* Sources */,
				438B20111BD2E69000D3B192 /* Frameworks */,
				438B20121BD2E69000D3B192 /* Resources */,
			);
			buildRules = (
			);
			dependencies = (
			);
			name = FriendBookPlus;
			productName = FriendBookPlus;
			productReference = 438B20141BD2E69000D3B192 /* FriendBookPlus.app */;
			productType = "com.apple.product-type.application";
		};
/* End PBXNativeTarget section */

/* Begin PBXProject section */
		438B200C1BD2E69000D3B192 /* Project object */ = {
			isa = PBXProject;
			attributes = {
				LastUpgradeCheck = 0700;
				ORGANIZATIONNAME = "Ahmed Hawas";
				TargetAttributes = {
					438B20131BD2E69000D3B192 = {
						CreatedOnToolsVersion = 7.0;
					};
				};
			};
			buildConfigurationList = 438B200F1BD2E69000D3B192 /* Build configuration list for PBXProject "FriendBookPlus" */;
			compatibilityVersion = "Xcode 3.2";
			developmentRegion = English;
			hasScannedForEncodings = 0;
			knownRegions = (
				en,
				Base,
			);
			mainGroup = 438B200B1BD2E69000D3B192;
			productRefGroup = 438B20151BD2E69000D3B192 /* Products */;
			projectDirPath = "";
			projectRoot = "";
			targets = (
				438B20131BD2E69000D3B192 /* FriendBookPlus */,
			);
		};
/* End PBXProject section */

/* Begin PBXResourcesBuildPhase section */
		438B20121BD2E69000D3B192 /* Resources */ = {
			isa = PBXResourcesBuildPhase;
			buildActionMask = 2147483647;
			files = (
				438B20221BD2E69100D3B192 /* LaunchScreen.storyboard in Resources */,
				438B201F1BD2E69100D3B192 /* Assets.xcassets in Resources */,
				438B201D1BD2E69100D3B192 /* Main.storyboard in Resources */,
			);
			runOnlyForDeploymentPostprocessing = 0;
		};
/* End PBXResourcesBuildPhase section */

/* Begin PBXSourcesBuildPhase section */
		438B20101BD2E69000D3B192 /* Sources */ = {
			isa = PBXSourcesBuildPhase;
			buildActionMask = 2147483647;
			files = (
				438B201A1BD2E69100D3B192 /* ViewController.swift in Sources */,
				438B20181BD2E69100D3B192 /* AppDelegate.swift in Sources */,
			);
			runOnlyForDeploymentPostprocessing = 0;
		};
/* End PBXSourcesBuildPhase section */

/* Begin PBXVariantGroup section */
		438B201B1BD2E69100D3B192 /* Main.storyboard */ = {
			isa = PBXVariantGroup;
			children = (
				438B201C1BD2E69100D3B192 /* Base */,
			);
			name = Main.storyboard;
			sourceTree = "<group>";
		};
		438B20201BD2E69100D3B192 /* LaunchScreen.storyboard */ = {
			isa = PBXVariantGroup;
			children = (
				438B20211BD2E69100D3B192 /* Base */,
			);
			name = LaunchScreen.storyboard;
			sourceTree = "<group>";
		};
/* End PBXVariantGroup section */

/* Begin XCBuildConfiguration section */
		438B20241BD2E69100D3B192 /* Debug */ = {
			isa = XCBuildConfiguration;
			buildSettings = {
				ALWAYS_SEARCH_USER_PATHS = NO;
				CLANG_CXX_LANGUAGE_STANDARD = "gnu++0x";
				CLANG_CXX_LIBRARY = "libc++";
				CLANG_ENABLE_MODULES = YES;
				CLANG_ENABLE_OBJC_ARC = YES;
				CLANG_WARN_BOOL_CONVERSION = YES;
				CLANG_WARN_CONSTANT_CONVERSION = YES;
				CLANG_WARN_DIRECT_OBJC_ISA_USAGE = YES_ERROR;
				CLANG_WARN_EMPTY_BODY = YES;
				CLANG_WARN_ENUM_CONVERSION = YES;
				CLANG_WARN_INT_CONVERSION = YES;
				CLANG_WARN_OBJC_ROOT_CLASS = YES_ERROR;
				CLANG_WARN_UNREACHABLE_CODE = YES;
				CLANG_WARN__DUPLICATE_METHOD_MATCH = YES;
				"CODE_SIGN_IDENTITY[sdk=iphoneos*]" = "iPhone Developer";
				COPY_PHASE_STRIP = NO;
				DEBUG_INFORMATION_FORMAT = dwarf;
				ENABLE_STRICT_OBJC_MSGSEND = YES;
				ENABLE_TESTABILITY = YES;
				GCC_C_LANGUAGE_STANDARD = gnu99;
				GCC_DYNAMIC_NO_PIC = NO;
				GCC_NO_COMMON_BLOCKS = YES;
				GCC_OPTIMIZATION_LEVEL = 0;
				GCC_PREPROCESSOR_DEFINITIONS = (
					"DEBUG=1",
					"$(inherited)",
				);
				GCC_WARN_64_TO_32_BIT_CONVERSION = YES;
				GCC_WARN_ABOUT_RETURN_TYPE = YES_ERROR;
				GCC_WARN_UNDECLARED_SELECTOR = YES;
				GCC_WARN_UNINITIALIZED_AUTOS = YES_AGGRESSIVE;
				GCC_WARN_UNUSED_FUNCTION = YES;
				GCC_WARN_UNUSED_VARIABLE = YES;
				IPHONEOS_DEPLOYMENT_TARGET = 9.0;
				MTL_ENABLE_DEBUG_INFO = YES;
				ONLY_ACTIVE_ARCH = YES;
				SDKROOT = iphoneos;
				SWIFT_OPTIMIZATION_LEVEL = "-Onone";
			};
			name = Debug;
		};
		438B20251BD2E69100D3B192 /* Release */ = {
			isa = XCBuildConfiguration;
			buildSettings = {
				ALWAYS_SEARCH_USER_PATHS = NO;
				CLANG_CXX_LANGUAGE_STANDARD = "gnu++0x";
				CLANG_CXX_LIBRARY = "libc++";
				CLANG_ENABLE_MODULES = YES;
				CLANG_ENABLE_OBJC_ARC = YES;
				CLANG_WARN_BOOL_CONVERSION = YES;
				CLANG_WARN_CONSTANT_CONVERSION = YES;
				CLANG_WARN_DIRECT_OBJC_ISA_USAGE = YES_ERROR;
				CLANG_WARN_EMPTY_BODY = YES;
				CLANG_WARN_ENUM_CONVERSION = YES;
				CLANG_WARN_INT_CONVERSION = YES;
				CLANG_WARN_OBJC_ROOT_CLASS = YES_ERROR;
				CLANG_WARN_UNREACHABLE_CODE = YES;
				CLANG_WARN__DUPLICATE_METHOD_MATCH = YES;
				"CODE_SIGN_IDENTITY[sdk=iphoneos*]" = "iPhone Developer";
				COPY_PHASE_STRIP = NO;
				DEBUG_INFORMATION_FORMAT = "dwarf-with-dsym";
				ENABLE_NS_ASSERTIONS = NO;
				ENABLE_STRICT_OBJC_MSGSEND = YES;
				GCC_C_LANGUAGE_STANDARD = gnu99;
				GCC_NO_COMMON_BLOCKS = YES;
				GCC_WARN_64_TO_32_BIT_CONVERSION = YES;
				GCC_WARN_ABOUT_RETURN_TYPE = YES_ERROR;
				GCC_WARN_UNDECLARED_SELECTOR = YES;
				GCC_WARN_UNINITIALIZED_AUTOS = YES_AGGRESSIVE;
				GCC_WARN_UNUSED_FUNCTION = YES;
				GCC_WARN_UNUSED_VARIABLE = YES;
				IPHONEOS_DEPLOYMENT_TARGET = 9.0;
				MTL_ENABLE_DEBUG_INFO = NO;
				SDKROOT = iphoneos;
				VALIDATE_PRODUCT = YES;
			};
			name = Release;
		};
		438B20271BD2E69100D3B192 /* Debug */ = {
			isa = XCBuildConfiguration;
			buildSettings = {
				ASSETCATALOG_COMPILER_APPICON_NAME = AppIcon;
				INFOPLIST_FILE = FriendBookPlus/Info.plist;
				LD_RUNPATH_SEARCH_PATHS = "$(inherited) @executable_path/Frameworks";
				PRODUCT_BUNDLE_IDENTIFIER = com.ahmedhawas.FriendBookPlus;
				PRODUCT_NAME = "$(TARGET_NAME)";
			};
			name = Debug;
		};
		438B20281BD2E69100D3B192 /* Release */ = {
			isa = XCBuildConfiguration;
			buildSettings = {
				ASSETCATALOG_COMPILER_APPICON_NAME = AppIcon;
				INFOPLIST_FILE = FriendBookPlus/Info.plist;
				LD_RUNPATH_SEARCH_PATHS = "$(inherited) @executable_path/Frameworks";
				PRODUCT_BUNDLE_IDENTIFIER = com.ahmedhawas.FriendBookPlus;
				PRODUCT_NAME = "$(TARGET_NAME)";
			};
			name = Release;
		};
/* End XCBuildConfiguration section */

/* Begin XCConfigurationList section */
		438B200F1BD2E69000D3B192 /* Build configuration list for PBXProject "FriendBookPlus" */ = {
			isa = XCConfigurationList;
			buildConfigurations = (
				438B20241BD2E69100D3B192 /* Debug */,
				438B20251BD2E69100D3B192 /* Release */,
			);
			defaultConfigurationIsVisible = 0;
			defaultConfigurationName = Release;
		};
		438B20261BD2E69100D3B192 /* Build configuration list for PBXNativeTarget "FriendBookPlus" */ = {
			isa = XCConfigurationList;
			buildConfigurations = (
				438B20271BD2E69100D3B192 /* Debug */,
				438B20281BD2E69100D3B192 /* Release */,
			);
			defaultConfigurationIsVisible = 0;
		};
/* End XCConfigurationList section */
	};
	rootObject = 438B200C1BD2E69000D3B192 /* Project object */;
}
